
Microsoft Visual Studio Solution File, Format Version 12.00
# Visual Studio 14
VisualStudioVersion = 14.0.25420.1
MinimumVisualStudioVersion = 10.0.40219.1
Project("{FAE04EC0-301F-11D3-BF4B-00C04F79EFBC}") = "WcfStemmingService", "WcfStemmingService\WcfStemmingService.csproj", "{8D875FFB-57A6-444E-8649-3557C5816C2E}"
EndProject
Project("{E24C65DC-7377-472B-9ABA-BC803B73C61A}") = "StemmingWebSite", "..\StemmingWebSite\", "{4D640176-C0E5-4DA8-8D47-3A9763C877CF}"
	ProjectSection(WebsiteProperties) = preProject
		TargetFrameworkMoniker = ".NETFramework,Version%3Dv4.5.2"
		Debug.AspNetCompiler.VirtualPath = "/localhost_55997"
		Debug.AspNetCompiler.PhysicalPath = "..\StemmingWebSite\"
		Debug.AspNetCompiler.TargetPath = "PrecompiledWeb\localhost_55997\"
		Debug.AspNetCompiler.Updateable = "true"
		Debug.AspNetCompiler.ForceOverwrite = "true"
		Debug.AspNetCompiler.FixedNames = "false"
		Debug.AspNetCompiler.Debug = "True"
		Release.AspNetCompiler.VirtualPath = "/localhost_55997"
		Release.AspNetCompiler.PhysicalPath = "..\StemmingWebSite\"
		Release.AspNetCompiler.TargetPath = "PrecompiledWeb\localhost_55997\"
		Release.AspNetCompiler.Updateable = "true"
		Release.AspNetCompiler.ForceOverwrite = "true"
		Release.AspNetCompiler.FixedNames = "false"
		Release.AspNetCompiler.Debug = "False"
		VWDPort = "55997"
		SlnRelativePath = "..\StemmingWebSite\"
		DefaultWebSiteLanguage = "Visual C#"
	EndProjectSection
	ProjectSection(ProjectDependencies) = postProject
		{8D875FFB-57A6-444E-8649-3557C5816C2E} = {8D875FFB-57A6-444E-8649-3557C5816C2E}
	EndProjectSection
EndProject
Global
	GlobalSection(SolutionConfigurationPlatforms) = preSolution
		Debug|Any CPU = Debug|Any CPU
		Release|Any CPU = Release|Any CPU
	EndGlobalSection
	GlobalSection(ProjectConfigurationPlatforms) = postSolution
		{8D875FFB-57A6-444E-8649-3557C5816C2E}.Debug|Any CPU.ActiveCfg = Debug|Any CPU
		{8D875FFB-57A6-444E-8649-3557C5816C2E}.Debug|Any CPU.Build.0 = Debug|Any CPU
		{8D875FFB-57A6-444E-8649-3557C5816C2E}.Release|Any CPU.ActiveCfg = Release|Any CPU
		{8D875FFB-57A6-444E-8649-3557C5816C2E}.Release|Any CPU.Build.0 = Release|Any CPU
		{4D640176-C0E5-4DA8-8D47-3A9763C877CF}.Debug|Any CPU.ActiveCfg = Debug|Any CPU
		{4D640176-C0E5-4DA8-8D47-3A9763C877CF}.Debug|Any CPU.Build.0 = Debug|Any CPU
		{4D640176-C0E5-4DA8-8D47-3A9763C877CF}.Release|Any CPU.ActiveCfg = Debug|Any CPU
		{4D640176-C0E5-4DA8-8D47-3A9763C877CF}.Release|Any CPU.Build.0 = Debug|Any CPU
	EndGlobalSection
	GlobalSection(SolutionProperties) = preSolution
		HideSolutionNode = FALSE
	EndGlobalSection
EndGlobal
